
Microsoft Visual Studio Solution File, Format Version 12.00
# Visual Studio 15
VisualStudioVersion = 15.0.28307.168
MinimumVisualStudioVersion = 10.0.40219.1
Project("{FAE04EC0-301F-11D3-BF4B-00C04F79EFBC}") = "GrenadeLauncher", "GrenadeLauncher\GrenadeLauncher.csproj", "{2DBA3CEF-4BAA-4093-BF93-A257CBC89981}"
EndProject
Global
	GlobalSection(SolutionConfigurationPlatforms) = preSolution
		Debug|Any CPU = Debug|Any CPU
		Release|Any CPU = Release|Any CPU
	EndGlobalSection
	GlobalSection(ProjectConfigurationPlatforms) = postSolution
		{2DBA3CEF-4BAA-4093-BF93-A257CBC89981}.Debug|Any CPU.ActiveCfg = Debug|Any CPU
		{2DBA3CEF-4BAA-4093-BF93-A257CBC89981}.Debug|Any CPU.Build.0 = Debug|Any CPU
		{2DBA3CEF-4BAA-4093-BF93-A257CBC89981}.Release|Any CPU.ActiveCfg = Release|Any CPU
		{2DBA3CEF-4BAA-4093-BF93-A257CBC89981}.Release|Any CPU.Build.0 = Release|Any CPU
	EndGlobalSection
	GlobalSection(SolutionProperties) = preSolution
		HideSolutionNode = FALSE
	EndGlobalSection
	GlobalSection(ExtensibilityGlobals) = postSolution
		SolutionGuid = {690E935D-A14C-4124-BA61-6B751CE6ECED}
	EndGlobalSection
EndGlobal
